
Microsoft Visual Studio Solution File, Format Version 12.00
# Visual Studio Version 17
VisualStudioVersion = 17.7.34202.233
MinimumVisualStudioVersion = 10.0.40219.1
Project("{FAE04EC0-301F-11D3-BF4B-00C04F79EFBC}") = "HomeWorkMethod", "HomeWorkMethod\HomeWorkMethod.csproj", "{C9CD7DA8-0E4E-48EC-A68A-2990B414B87B}"
EndProject
Global
	GlobalSection(SolutionConfigurationPlatforms) = preSolution
		Debug|Any CPU = Debug|Any CPU
		Release|Any CPU = Release|Any CPU
	EndGlobalSection
	GlobalSection(ProjectConfigurationPlatforms) = postSolution
		{C9CD7DA8-0E4E-48EC-A68A-2990B414B87B}.Debug|Any CPU.ActiveCfg = Debug|Any CPU
		{C9CD7DA8-0E4E-48EC-A68A-2990B414B87B}.Debug|Any CPU.Build.0 = Debug|Any CPU
		{C9CD7DA8-0E4E-48EC-A68A-2990B414B87B}.Release|Any CPU.ActiveCfg = Release|Any CPU
		{C9CD7DA8-0E4E-48EC-A68A-2990B414B87B}.Release|Any CPU.Build.0 = Release|Any CPU
	EndGlobalSection
	GlobalSection(SolutionProperties) = preSolution
		HideSolutionNode = FALSE
	EndGlobalSection
	GlobalSection(ExtensibilityGlobals) = postSolution
		SolutionGuid = {9EEFAC32-3C12-42E7-A94D-CC2162F651D3}
	EndGlobalSection
EndGlobal
